
Microsoft Visual Studio Solution File, Format Version 12.00
# Visual Studio Version 17
VisualStudioVersion = 17.0.32126.317
MinimumVisualStudioVersion = 10.0.40219.1
Project("{888888A0-9F3D-457C-B088-3A5042F75D52}") = "Web_Scraper", "Web_Scraper\Web_Scraper.pyproj", "{C3C76CBB-EAB7-412C-B3F4-7F0353A80EC4}"
EndProject
Global
	GlobalSection(SolutionConfigurationPlatforms) = preSolution
		Debug|Any CPU = Debug|Any CPU
		Release|Any CPU = Release|Any CPU
	EndGlobalSection
	GlobalSection(ProjectConfigurationPlatforms) = postSolution
		{C3C76CBB-EAB7-412C-B3F4-7F0353A80EC4}.Debug|Any CPU.ActiveCfg = Debug|Any CPU
		{C3C76CBB-EAB7-412C-B3F4-7F0353A80EC4}.Release|Any CPU.ActiveCfg = Release|Any CPU
	EndGlobalSection
	GlobalSection(SolutionProperties) = preSolution
		HideSolutionNode = FALSE
	EndGlobalSection
	GlobalSection(ExtensibilityGlobals) = postSolution
		SolutionGuid = {76498BFF-2E68-4FC9-BC80-CD1F56D1E260}
	EndGlobalSection
EndGlobal
